
Microsoft Visual Studio Solution File, Format Version 12.00
# Visual Studio Version 16
VisualStudioVersion = 16.0.30717.126
MinimumVisualStudioVersion = 10.0.40219.1
Project("{FAE04EC0-301F-11D3-BF4B-00C04F79EFBC}") = "UnitTestSample01", "UnitTestSample01\UnitTestSample01.csproj", "{7006BDED-DBB6-49A6-91C0-B66B046EC8E7}"
EndProject
Project("{FAE04EC0-301F-11D3-BF4B-00C04F79EFBC}") = "UnitTestSample01.Test", "UnitTestSample01.Test\UnitTestSample01.Test.csproj", "{C4EF60F1-AA95-4F96-A12A-24DD254CD470}"
EndProject
Global
	GlobalSection(SolutionConfigurationPlatforms) = preSolution
		Debug|Any CPU = Debug|Any CPU
		Release|Any CPU = Release|Any CPU
	EndGlobalSection
	GlobalSection(ProjectConfigurationPlatforms) = postSolution
		{7006BDED-DBB6-49A6-91C0-B66B046EC8E7}.Debug|Any CPU.ActiveCfg = Debug|Any CPU
		{7006BDED-DBB6-49A6-91C0-B66B046EC8E7}.Debug|Any CPU.Build.0 = Debug|Any CPU
		{7006BDED-DBB6-49A6-91C0-B66B046EC8E7}.Release|Any CPU.ActiveCfg = Release|Any CPU
		{7006BDED-DBB6-49A6-91C0-B66B046EC8E7}.Release|Any CPU.Build.0 = Release|Any CPU
		{C4EF60F1-AA95-4F96-A12A-24DD254CD470}.Debug|Any CPU.ActiveCfg = Debug|Any CPU
		{C4EF60F1-AA95-4F96-A12A-24DD254CD470}.Debug|Any CPU.Build.0 = Debug|Any CPU
		{C4EF60F1-AA95-4F96-A12A-24DD254CD470}.Release|Any CPU.ActiveCfg = Release|Any CPU
		{C4EF60F1-AA95-4F96-A12A-24DD254CD470}.Release|Any CPU.Build.0 = Release|Any CPU
	EndGlobalSection
	GlobalSection(SolutionProperties) = preSolution
		HideSolutionNode = FALSE
	EndGlobalSection
	GlobalSection(ExtensibilityGlobals) = postSolution
		SolutionGuid = {1B60AC52-B971-4646-A199-9B1561C2F77D}
	EndGlobalSection
EndGlobal
